
Microsoft Visual Studio Solution File, Format Version 11.00
# Visual Studio 2010
Project("{FAE04EC0-301F-11D3-BF4B-00C04F79EFBC}") = "Assembly-CSharp", "Assembly-CSharp\Assembly-CSharp.csproj", "{1619364F-CFCB-42DA-A4A5-8DFA2CF9DABB}"
EndProject
Project("{FAE04EC0-301F-11D3-BF4B-00C04F79EFBC}") = "InControl.Examples", "InControl.Examples\InControl.Examples.csproj", "{1619364F-CFCB-42DA-A4A5-8DFA2CF9DABD}"
EndProject
Project("{FAE04EC0-301F-11D3-BF4B-00C04F79EFBC}") = "InControl", "InControl\InControl.csproj", "{1619364F-CFCB-42DA-A4A5-8DFA2CF9DABC}"
EndProject
Project("{FAE04EC0-301F-11D3-BF4B-00C04F79EFBC}") = "Ionic.Zip.CF", "Ionic.Zip.CF\Ionic.Zip.CF.csproj", "{1619364F-CFCB-42DA-A4A5-8DFA2CF9DABE}"
EndProject
Project("{FAE04EC0-301F-11D3-BF4B-00C04F79EFBC}") = "Mono.Security", "Mono.Security\Mono.Security.csproj", "{1619364F-CFCB-42DA-A4A5-8DFA2CF9DABF}"
EndProject
Project("{FAE04EC0-301F-11D3-BF4B-00C04F79EFBC}") = "mscorlib", "mscorlib\mscorlib.csproj", "{1619364F-CFCB-42DA-A4A5-8DFA2CF9DAC0}"
EndProject
Project("{FAE04EC0-301F-11D3-BF4B-00C04F79EFBC}") = "NaughtyAttributes.Core", "NaughtyAttributes.Core\NaughtyAttributes.Core.csproj", "{1619364F-CFCB-42DA-A4A5-8DFA2CF9DAC1}"
EndProject
Project("{FAE04EC0-301F-11D3-BF4B-00C04F79EFBC}") = "Newtonsoft.Json", "Newtonsoft.Json\Newtonsoft.Json.csproj", "{1619364F-CFCB-42DA-A4A5-8DFA2CF9DAC2}"
EndProject
Project("{FAE04EC0-301F-11D3-BF4B-00C04F79EFBC}") = "System.Configuration", "System.Configuration\System.Configuration.csproj", "{1619364F-CFCB-42DA-A4A5-8DFA2CF9DAC3}"
EndProject
Project("{FAE04EC0-301F-11D3-BF4B-00C04F79EFBC}") = "System.Core", "System.Core\System.Core.csproj", "{1619364F-CFCB-42DA-A4A5-8DFA2CF9DAC4}"
EndProject
Project("{FAE04EC0-301F-11D3-BF4B-00C04F79EFBC}") = "System.Numerics", "System.Numerics\System.Numerics.csproj", "{1619364F-CFCB-42DA-A4A5-8DFA2CF9DAC6}"
EndProject
Project("{FAE04EC0-301F-11D3-BF4B-00C04F79EFBC}") = "System.Runtime.Serialization", "System.Runtime.Serialization\System.Runtime.Serialization.csproj", "{1619364F-CFCB-42DA-A4A5-8DFA2CF9DAC7}"
EndProject
Project("{FAE04EC0-301F-11D3-BF4B-00C04F79EFBC}") = "System.Xml.Linq", "System.Xml.Linq\System.Xml.Linq.csproj", "{1619364F-CFCB-42DA-A4A5-8DFA2CF9DAC9}"
EndProject
Project("{FAE04EC0-301F-11D3-BF4B-00C04F79EFBC}") = "System.Xml", "System.Xml\System.Xml.csproj", "{1619364F-CFCB-42DA-A4A5-8DFA2CF9DAC8}"
EndProject
Project("{FAE04EC0-301F-11D3-BF4B-00C04F79EFBC}") = "System", "System\System.csproj", "{1619364F-CFCB-42DA-A4A5-8DFA2CF9DAC5}"
EndProject
Project("{FAE04EC0-301F-11D3-BF4B-00C04F79EFBC}") = "UnityEngine.AndroidJNIModule", "UnityEngine.AndroidJNIModule\UnityEngine.AndroidJNIModule.csproj", "{1619364F-CFCB-42DA-A4A5-8DFA2CF9DACA}"
EndProject
Project("{FAE04EC0-301F-11D3-BF4B-00C04F79EFBC}") = "UnityEngine.AnimationModule", "UnityEngine.AnimationModule\UnityEngine.AnimationModule.csproj", "{1619364F-CFCB-42DA-A4A5-8DFA2CF9DACB}"
EndProject
Project("{FAE04EC0-301F-11D3-BF4B-00C04F79EFBC}") = "UnityEngine.AudioModule", "UnityEngine.AudioModule\UnityEngine.AudioModule.csproj", "{1619364F-CFCB-42DA-A4A5-8DFA2CF9DACC}"
EndProject
Project("{FAE04EC0-301F-11D3-BF4B-00C04F79EFBC}") = "UnityEngine.CoreModule", "UnityEngine.CoreModule\UnityEngine.CoreModule.csproj", "{1619364F-CFCB-42DA-A4A5-8DFA2CF9DACD}"
EndProject
Project("{FAE04EC0-301F-11D3-BF4B-00C04F79EFBC}") = "UnityEngine.GameCenterModule", "UnityEngine.GameCenterModule\UnityEngine.GameCenterModule.csproj", "{1619364F-CFCB-42DA-A4A5-8DFA2CF9DACF}"
EndProject
Project("{FAE04EC0-301F-11D3-BF4B-00C04F79EFBC}") = "UnityEngine.IMGUIModule", "UnityEngine.IMGUIModule\UnityEngine.IMGUIModule.csproj", "{1619364F-CFCB-42DA-A4A5-8DFA2CF9DAD0}"
EndProject
Project("{FAE04EC0-301F-11D3-BF4B-00C04F79EFBC}") = "UnityEngine.InputLegacyModule", "UnityEngine.InputLegacyModule\UnityEngine.InputLegacyModule.csproj", "{1619364F-CFCB-42DA-A4A5-8DFA2CF9DAD1}"
EndProject
Project("{FAE04EC0-301F-11D3-BF4B-00C04F79EFBC}") = "UnityEngine.Physics2DModule", "UnityEngine.Physics2DModule\UnityEngine.Physics2DModule.csproj", "{1619364F-CFCB-42DA-A4A5-8DFA2CF9DAD2}"
EndProject
Project("{FAE04EC0-301F-11D3-BF4B-00C04F79EFBC}") = "UnityEngine.PhysicsModule", "UnityEngine.PhysicsModule\UnityEngine.PhysicsModule.csproj", "{1619364F-CFCB-42DA-A4A5-8DFA2CF9DAD3}"
EndProject
Project("{FAE04EC0-301F-11D3-BF4B-00C04F79EFBC}") = "UnityEngine.SharedInternalsModule", "UnityEngine.SharedInternalsModule\UnityEngine.SharedInternalsModule.csproj", "{1619364F-CFCB-42DA-A4A5-8DFA2CF9DAD4}"
EndProject
Project("{FAE04EC0-301F-11D3-BF4B-00C04F79EFBC}") = "UnityEngine.SpriteShapeModule", "UnityEngine.SpriteShapeModule\UnityEngine.SpriteShapeModule.csproj", "{1619364F-CFCB-42DA-A4A5-8DFA2CF9DAD5}"
EndProject
Project("{FAE04EC0-301F-11D3-BF4B-00C04F79EFBC}") = "UnityEngine.TextRenderingModule", "UnityEngine.TextRenderingModule\UnityEngine.TextRenderingModule.csproj", "{1619364F-CFCB-42DA-A4A5-8DFA2CF9DAD6}"
EndProject
Project("{FAE04EC0-301F-11D3-BF4B-00C04F79EFBC}") = "UnityEngine.UIModule", "UnityEngine.UIModule\UnityEngine.UIModule.csproj", "{1619364F-CFCB-42DA-A4A5-8DFA2CF9DAD8}"
EndProject
Project("{FAE04EC0-301F-11D3-BF4B-00C04F79EFBC}") = "UnityEngine.UI", "UnityEngine.UI\UnityEngine.UI.csproj", "{1619364F-CFCB-42DA-A4A5-8DFA2CF9DAD7}"
EndProject
Project("{FAE04EC0-301F-11D3-BF4B-00C04F79EFBC}") = "UnityEngine", "UnityEngine\UnityEngine.csproj", "{1619364F-CFCB-42DA-A4A5-8DFA2CF9DACE}"
EndProject
Project("{FAE04EC0-301F-11D3-BF4B-00C04F79EFBC}") = "__Generated", "__Generated\__Generated.csproj", "{1619364F-CFCB-42DA-A4A5-8DFA2CF9DABA}"
EndProject
Global
	GlobalSection(SolutionConfigurationPlatforms) = preSolution
		Debug|Any CPU = Debug|Any CPU
		Release|Any CPU = Release|Any CPU
	EndGlobalSection
	GlobalSection(ProjectConfigurationPlatforms) = postSolution
		{1619364F-CFCB-42DA-A4A5-8DFA2CF9DABB}.Debug|Any CPU.ActiveCfg = Debug|Any CPU
		{1619364F-CFCB-42DA-A4A5-8DFA2CF9DABB}.Debug|Any CPU.Build.0 = Debug|Any CPU
		{1619364F-CFCB-42DA-A4A5-8DFA2CF9DABB}.Release|Any CPU.ActiveCfg = Release|Any CPU
		{1619364F-CFCB-42DA-A4A5-8DFA2CF9DABB}.Release|Any CPU.Build.0 = Release|Any CPU
		{1619364F-CFCB-42DA-A4A5-8DFA2CF9DABD}.Debug|Any CPU.ActiveCfg = Debug|Any CPU
		{1619364F-CFCB-42DA-A4A5-8DFA2CF9DABD}.Debug|Any CPU.Build.0 = Debug|Any CPU
		{1619364F-CFCB-42DA-A4A5-8DFA2CF9DABD}.Release|Any CPU.ActiveCfg = Release|Any CPU
		{1619364F-CFCB-42DA-A4A5-8DFA2CF9DABD}.Release|Any CPU.Build.0 = Release|Any CPU
		{1619364F-CFCB-42DA-A4A5-8DFA2CF9DABC}.Debug|Any CPU.ActiveCfg = Debug|Any CPU
		{1619364F-CFCB-42DA-A4A5-8DFA2CF9DABC}.Debug|Any CPU.Build.0 = Debug|Any CPU
		{1619364F-CFCB-42DA-A4A5-8DFA2CF9DABC}.Release|Any CPU.ActiveCfg = Release|Any CPU
		{1619364F-CFCB-42DA-A4A5-8DFA2CF9DABC}.Release|Any CPU.Build.0 = Release|Any CPU
		{1619364F-CFCB-42DA-A4A5-8DFA2CF9DABE}.Debug|Any CPU.ActiveCfg = Debug|Any CPU
		{1619364F-CFCB-42DA-A4A5-8DFA2CF9DABE}.Debug|Any CPU.Build.0 = Debug|Any CPU
		{1619364F-CFCB-42DA-A4A5-8DFA2CF9DABE}.Release|Any CPU.ActiveCfg = Release|Any CPU
		{1619364F-CFCB-42DA-A4A5-8DFA2CF9DABE}.Release|Any CPU.Build.0 = Release|Any CPU
		{1619364F-CFCB-42DA-A4A5-8DFA2CF9DABF}.Debug|Any CPU.ActiveCfg = Debug|Any CPU
		{1619364F-CFCB-42DA-A4A5-8DFA2CF9DABF}.Debug|Any CPU.Build.0 = Debug|Any CPU
		{1619364F-CFCB-42DA-A4A5-8DFA2CF9DABF}.Release|Any CPU.ActiveCfg = Release|Any CPU
		{1619364F-CFCB-42DA-A4A5-8DFA2CF9DABF}.Release|Any CPU.Build.0 = Release|Any CPU
		{1619364F-CFCB-42DA-A4A5-8DFA2CF9DAC0}.Debug|Any CPU.ActiveCfg = Debug|Any CPU
		{1619364F-CFCB-42DA-A4A5-8DFA2CF9DAC0}.Debug|Any CPU.Build.0 = Debug|Any CPU
		{1619364F-CFCB-42DA-A4A5-8DFA2CF9DAC0}.Release|Any CPU.ActiveCfg = Release|Any CPU
		{1619364F-CFCB-42DA-A4A5-8DFA2CF9DAC0}.Release|Any CPU.Build.0 = Release|Any CPU
		{1619364F-CFCB-42DA-A4A5-8DFA2CF9DAC1}.Debug|Any CPU.ActiveCfg = Debug|Any CPU
		{1619364F-CFCB-42DA-A4A5-8DFA2CF9DAC1}.Debug|Any CPU.Build.0 = Debug|Any CPU
		{1619364F-CFCB-42DA-A4A5-8DFA2CF9DAC1}.Release|Any CPU.ActiveCfg = Release|Any CPU
		{1619364F-CFCB-42DA-A4A5-8DFA2CF9DAC1}.Release|Any CPU.Build.0 = Release|Any CPU
		{1619364F-CFCB-42DA-A4A5-8DFA2CF9DAC2}.Debug|Any CPU.ActiveCfg = Debug|Any CPU
		{1619364F-CFCB-42DA-A4A5-8DFA2CF9DAC2}.Debug|Any CPU.Build.0 = Debug|Any CPU
		{1619364F-CFCB-42DA-A4A5-8DFA2CF9DAC2}.Release|Any CPU.ActiveCfg = Release|Any CPU
		{1619364F-CFCB-42DA-A4A5-8DFA2CF9DAC2}.Release|Any CPU.Build.0 = Release|Any CPU
		{1619364F-CFCB-42DA-A4A5-8DFA2CF9DAC3}.Debug|Any CPU.ActiveCfg = Debug|Any CPU
		{1619364F-CFCB-42DA-A4A5-8DFA2CF9DAC3}.Debug|Any CPU.Build.0 = Debug|Any CPU
		{1619364F-CFCB-42DA-A4A5-8DFA2CF9DAC3}.Release|Any CPU.ActiveCfg = Release|Any CPU
		{1619364F-CFCB-42DA-A4A5-8DFA2CF9DAC3}.Release|Any CPU.Build.0 = Release|Any CPU
		{1619364F-CFCB-42DA-A4A5-8DFA2CF9DAC4}.Debug|Any CPU.ActiveCfg = Debug|Any CPU
		{1619364F-CFCB-42DA-A4A5-8DFA2CF9DAC4}.Debug|Any CPU.Build.0 = Debug|Any CPU
		{1619364F-CFCB-42DA-A4A5-8DFA2CF9DAC4}.Release|Any CPU.ActiveCfg = Release|Any CPU
		{1619364F-CFCB-42DA-A4A5-8DFA2CF9DAC4}.Release|Any CPU.Build.0 = Release|Any CPU
		{1619364F-CFCB-42DA-A4A5-8DFA2CF9DAC6}.Debug|Any CPU.ActiveCfg = Debug|Any CPU
		{1619364F-CFCB-42DA-A4A5-8DFA2CF9DAC6}.Debug|Any CPU.Build.0 = Debug|Any CPU
		{1619364F-CFCB-42DA-A4A5-8DFA2CF9DAC6}.Release|Any CPU.ActiveCfg = Release|Any CPU
		{1619364F-CFCB-42DA-A4A5-8DFA2CF9DAC6}.Release|Any CPU.Build.0 = Release|Any CPU
		{1619364F-CFCB-42DA-A4A5-8DFA2CF9DAC7}.Debug|Any CPU.ActiveCfg = Debug|Any CPU
		{1619364F-CFCB-42DA-A4A5-8DFA2CF9DAC7}.Debug|Any CPU.Build.0 = Debug|Any CPU
		{1619364F-CFCB-42DA-A4A5-8DFA2CF9DAC7}.Release|Any CPU.ActiveCfg = Release|Any CPU
		{1619364F-CFCB-42DA-A4A5-8DFA2CF9DAC7}.Release|Any CPU.Build.0 = Release|Any CPU
		{1619364F-CFCB-42DA-A4A5-8DFA2CF9DAC9}.Debug|Any CPU.ActiveCfg = Debug|Any CPU
		{1619364F-CFCB-42DA-A4A5-8DFA2CF9DAC9}.Debug|Any CPU.Build.0 = Debug|Any CPU
		{1619364F-CFCB-42DA-A4A5-8DFA2CF9DAC9}.Release|Any CPU.ActiveCfg = Release|Any CPU
		{1619364F-CFCB-42DA-A4A5-8DFA2CF9DAC9}.Release|Any CPU.Build.0 = Release|Any CPU
		{1619364F-CFCB-42DA-A4A5-8DFA2CF9DAC8}.Debug|Any CPU.ActiveCfg = Debug|Any CPU
		{1619364F-CFCB-42DA-A4A5-8DFA2CF9DAC8}.Debug|Any CPU.Build.0 = Debug|Any CPU
		{1619364F-CFCB-42DA-A4A5-8DFA2CF9DAC8}.Release|Any CPU.ActiveCfg = Release|Any CPU
		{1619364F-CFCB-42DA-A4A5-8DFA2CF9DAC8}.Release|Any CPU.Build.0 = Release|Any CPU
		{1619364F-CFCB-42DA-A4A5-8DFA2CF9DAC5}.Debug|Any CPU.ActiveCfg = Debug|Any CPU
		{1619364F-CFCB-42DA-A4A5-8DFA2CF9DAC5}.Debug|Any CPU.Build.0 = Debug|Any CPU
		{1619364F-CFCB-42DA-A4A5-8DFA2CF9DAC5}.Release|Any CPU.ActiveCfg = Release|Any CPU
		{1619364F-CFCB-42DA-A4A5-8DFA2CF9DAC5}.Release|Any CPU.Build.0 = Release|Any CPU
		{1619364F-CFCB-42DA-A4A5-8DFA2CF9DACA}.Debug|Any CPU.ActiveCfg = Debug|Any CPU
		{1619364F-CFCB-42DA-A4A5-8DFA2CF9DACA}.Debug|Any CPU.Build.0 = Debug|Any CPU
		{1619364F-CFCB-42DA-A4A5-8DFA2CF9DACA}.Release|Any CPU.ActiveCfg = Release|Any CPU
		{1619364F-CFCB-42DA-A4A5-8DFA2CF9DACA}.Release|Any CPU.Build.0 = Release|Any CPU
		{1619364F-CFCB-42DA-A4A5-8DFA2CF9DACB}.Debug|Any CPU.ActiveCfg = Debug|Any CPU
		{1619364F-CFCB-42DA-A4A5-8DFA2CF9DACB}.Debug|Any CPU.Build.0 = Debug|Any CPU
		{1619364F-CFCB-42DA-A4A5-8DFA2CF9DACB}.Release|Any CPU.ActiveCfg = Release|Any CPU
		{1619364F-CFCB-42DA-A4A5-8DFA2CF9DACB}.Release|Any CPU.Build.0 = Release|Any CPU
		{1619364F-CFCB-42DA-A4A5-8DFA2CF9DACC}.Debug|Any CPU.ActiveCfg = Debug|Any CPU
		{1619364F-CFCB-42DA-A4A5-8DFA2CF9DACC}.Debug|Any CPU.Build.0 = Debug|Any CPU
		{1619364F-CFCB-42DA-A4A5-8DFA2CF9DACC}.Release|Any CPU.ActiveCfg = Release|Any CPU
		{1619364F-CFCB-42DA-A4A5-8DFA2CF9DACC}.Release|Any CPU.Build.0 = Release|Any CPU
		{1619364F-CFCB-42DA-A4A5-8DFA2CF9DACD}.Debug|Any CPU.ActiveCfg = Debug|Any CPU
		{1619364F-CFCB-42DA-A4A5-8DFA2CF9DACD}.Debug|Any CPU.Build.0 = Debug|Any CPU
		{1619364F-CFCB-42DA-A4A5-8DFA2CF9DACD}.Release|Any CPU.ActiveCfg = Release|Any CPU
		{1619364F-CFCB-42DA-A4A5-8DFA2CF9DACD}.Release|Any CPU.Build.0 = Release|Any CPU
		{1619364F-CFCB-42DA-A4A5-8DFA2CF9DACF}.Debug|Any CPU.ActiveCfg = Debug|Any CPU
		{1619364F-CFCB-42DA-A4A5-8DFA2CF9DACF}.Debug|Any CPU.Build.0 = Debug|Any CPU
		{1619364F-CFCB-42DA-A4A5-8DFA2CF9DACF}.Release|Any CPU.ActiveCfg = Release|Any CPU
		{1619364F-CFCB-42DA-A4A5-8DFA2CF9DACF}.Release|Any CPU.Build.0 = Release|Any CPU
		{1619364F-CFCB-42DA-A4A5-8DFA2CF9DAD0}.Debug|Any CPU.ActiveCfg = Debug|Any CPU
		{1619364F-CFCB-42DA-A4A5-8DFA2CF9DAD0}.Debug|Any CPU.Build.0 = Debug|Any CPU
		{1619364F-CFCB-42DA-A4A5-8DFA2CF9DAD0}.Release|Any CPU.ActiveCfg = Release|Any CPU
		{1619364F-CFCB-42DA-A4A5-8DFA2CF9DAD0}.Release|Any CPU.Build.0 = Release|Any CPU
		{1619364F-CFCB-42DA-A4A5-8DFA2CF9DAD1}.Debug|Any CPU.ActiveCfg = Debug|Any CPU
		{1619364F-CFCB-42DA-A4A5-8DFA2CF9DAD1}.Debug|Any CPU.Build.0 = Debug|Any CPU
		{1619364F-CFCB-42DA-A4A5-8DFA2CF9DAD1}.Release|Any CPU.ActiveCfg = Release|Any CPU
		{1619364F-CFCB-42DA-A4A5-8DFA2CF9DAD1}.Release|Any CPU.Build.0 = Release|Any CPU
		{1619364F-CFCB-42DA-A4A5-8DFA2CF9DAD2}.Debug|Any CPU.ActiveCfg = Debug|Any CPU
		{1619364F-CFCB-42DA-A4A5-8DFA2CF9DAD2}.Debug|Any CPU.Build.0 = Debug|Any CPU
		{1619364F-CFCB-42DA-A4A5-8DFA2CF9DAD2}.Release|Any CPU.ActiveCfg = Release|Any CPU
		{1619364F-CFCB-42DA-A4A5-8DFA2CF9DAD2}.Release|Any CPU.Build.0 = Release|Any CPU
		{1619364F-CFCB-42DA-A4A5-8DFA2CF9DAD3}.Debug|Any CPU.ActiveCfg = Debug|Any CPU
		{1619364F-CFCB-42DA-A4A5-8DFA2CF9DAD3}.Debug|Any CPU.Build.0 = Debug|Any CPU
		{1619364F-CFCB-42DA-A4A5-8DFA2CF9DAD3}.Release|Any CPU.ActiveCfg = Release|Any CPU
		{1619364F-CFCB-42DA-A4A5-8DFA2CF9DAD3}.Release|Any CPU.Build.0 = Release|Any CPU
		{1619364F-CFCB-42DA-A4A5-8DFA2CF9DAD4}.Debug|Any CPU.ActiveCfg = Debug|Any CPU
		{1619364F-CFCB-42DA-A4A5-8DFA2CF9DAD4}.Debug|Any CPU.Build.0 = Debug|Any CPU
		{1619364F-CFCB-42DA-A4A5-8DFA2CF9DAD4}.Release|Any CPU.ActiveCfg = Release|Any CPU
		{1619364F-CFCB-42DA-A4A5-8DFA2CF9DAD4}.Release|Any CPU.Build.0 = Release|Any CPU
		{1619364F-CFCB-42DA-A4A5-8DFA2CF9DAD5}.Debug|Any CPU.ActiveCfg = Debug|Any CPU
		{1619364F-CFCB-42DA-A4A5-8DFA2CF9DAD5}.Debug|Any CPU.Build.0 = Debug|Any CPU
		{1619364F-CFCB-42DA-A4A5-8DFA2CF9DAD5}.Release|Any CPU.ActiveCfg = Release|Any CPU
		{1619364F-CFCB-42DA-A4A5-8DFA2CF9DAD5}.Release|Any CPU.Build.0 = Release|Any CPU
		{1619364F-CFCB-42DA-A4A5-8DFA2CF9DAD6}.Debug|Any CPU.ActiveCfg = Debug|Any CPU
		{1619364F-CFCB-42DA-A4A5-8DFA2CF9DAD6}.Debug|Any CPU.Build.0 = Debug|Any CPU
		{1619364F-CFCB-42DA-A4A5-8DFA2CF9DAD6}.Release|Any CPU.ActiveCfg = Release|Any CPU
		{1619364F-CFCB-42DA-A4A5-8DFA2CF9DAD6}.Release|Any CPU.Build.0 = Release|Any CPU
		{1619364F-CFCB-42DA-A4A5-8DFA2CF9DAD8}.Debug|Any CPU.ActiveCfg = Debug|Any CPU
		{1619364F-CFCB-42DA-A4A5-8DFA2CF9DAD8}.Debug|Any CPU.Build.0 = Debug|Any CPU
		{1619364F-CFCB-42DA-A4A5-8DFA2CF9DAD8}.Release|Any CPU.ActiveCfg = Release|Any CPU
		{1619364F-CFCB-42DA-A4A5-8DFA2CF9DAD8}.Release|Any CPU.Build.0 = Release|Any CPU
		{1619364F-CFCB-42DA-A4A5-8DFA2CF9DAD7}.Debug|Any CPU.ActiveCfg = Debug|Any CPU
		{1619364F-CFCB-42DA-A4A5-8DFA2CF9DAD7}.Debug|Any CPU.Build.0 = Debug|Any CPU
		{1619364F-CFCB-42DA-A4A5-8DFA2CF9DAD7}.Release|Any CPU.ActiveCfg = Release|Any CPU
		{1619364F-CFCB-42DA-A4A5-8DFA2CF9DAD7}.Release|Any CPU.Build.0 = Release|Any CPU
		{1619364F-CFCB-42DA-A4A5-8DFA2CF9DACE}.Debug|Any CPU.ActiveCfg = Debug|Any CPU
		{1619364F-CFCB-42DA-A4A5-8DFA2CF9DACE}.Debug|Any CPU.Build.0 = Debug|Any CPU
		{1619364F-CFCB-42DA-A4A5-8DFA2CF9DACE}.Release|Any CPU.ActiveCfg = Release|Any CPU
		{1619364F-CFCB-42DA-A4A5-8DFA2CF9DACE}.Release|Any CPU.Build.0 = Release|Any CPU
		{1619364F-CFCB-42DA-A4A5-8DFA2CF9DABA}.Debug|Any CPU.ActiveCfg = Debug|Any CPU
		{1619364F-CFCB-42DA-A4A5-8DFA2CF9DABA}.Debug|Any CPU.Build.0 = Debug|Any CPU
		{1619364F-CFCB-42DA-A4A5-8DFA2CF9DABA}.Release|Any CPU.ActiveCfg = Release|Any CPU
		{1619364F-CFCB-42DA-A4A5-8DFA2CF9DABA}.Release|Any CPU.Build.0 = Release|Any CPU
	EndGlobalSection
	GlobalSection(SolutionProperties) = preSolution
		HideSolutionNode = FALSE
	EndGlobalSection
EndGlobal
